
Microsoft Visual Studio Solution File, Format Version 12.00
# Visual Studio Version 17
VisualStudioVersion = 17.3.32929.385
MinimumVisualStudioVersion = 10.0.40219.1
Project("{FAE04EC0-301F-11D3-BF4B-00C04F79EFBC}") = "TaskForRelation", "TaskForRelation\TaskForRelation.csproj", "{D6CB26FF-A911-421D-AE01-2EB48B2E8503}"
EndProject
Global
	GlobalSection(SolutionConfigurationPlatforms) = preSolution
		Debug|Any CPU = Debug|Any CPU
		Release|Any CPU = Release|Any CPU
	EndGlobalSection
	GlobalSection(ProjectConfigurationPlatforms) = postSolution
		{D6CB26FF-A911-421D-AE01-2EB48B2E8503}.Debug|Any CPU.ActiveCfg = Debug|Any CPU
		{D6CB26FF-A911-421D-AE01-2EB48B2E8503}.Debug|Any CPU.Build.0 = Debug|Any CPU
		{D6CB26FF-A911-421D-AE01-2EB48B2E8503}.Release|Any CPU.ActiveCfg = Release|Any CPU
		{D6CB26FF-A911-421D-AE01-2EB48B2E8503}.Release|Any CPU.Build.0 = Release|Any CPU
	EndGlobalSection
	GlobalSection(SolutionProperties) = preSolution
		HideSolutionNode = FALSE
	EndGlobalSection
	GlobalSection(ExtensibilityGlobals) = postSolution
		SolutionGuid = {B930F8B1-2FEF-4FBD-9B7D-A8813F1AAE25}
	EndGlobalSection
EndGlobal
